
Microsoft Visual Studio Solution File, Format Version 12.00
# Visual Studio Version 17
VisualStudioVersion = 17.14.36109.1 d17.14
MinimumVisualStudioVersion = 10.0.40219.1
Project("{FAE04EC0-301F-11D3-BF4B-00C04F79EFBC}") = "lab4.1(LibraryManagment)", "lab4.1(LibraryManagment)\lab4.1(LibraryManagment).csproj", "{7DBB716D-175C-40EC-9A53-FC6EF2923AE7}"
EndProject
Global
	GlobalSection(SolutionConfigurationPlatforms) = preSolution
		Debug|Any CPU = Debug|Any CPU
		Release|Any CPU = Release|Any CPU
	EndGlobalSection
	GlobalSection(ProjectConfigurationPlatforms) = postSolution
		{7DBB716D-175C-40EC-9A53-FC6EF2923AE7}.Debug|Any CPU.ActiveCfg = Debug|Any CPU
		{7DBB716D-175C-40EC-9A53-FC6EF2923AE7}.Debug|Any CPU.Build.0 = Debug|Any CPU
		{7DBB716D-175C-40EC-9A53-FC6EF2923AE7}.Release|Any CPU.ActiveCfg = Release|Any CPU
		{7DBB716D-175C-40EC-9A53-FC6EF2923AE7}.Release|Any CPU.Build.0 = Release|Any CPU
	EndGlobalSection
	GlobalSection(SolutionProperties) = preSolution
		HideSolutionNode = FALSE
	EndGlobalSection
	GlobalSection(ExtensibilityGlobals) = postSolution
		SolutionGuid = {B61ECBE9-B3EB-4993-8656-96EAF8FD536F}
	EndGlobalSection
EndGlobal
