
Microsoft Visual Studio Solution File, Format Version 12.00
# Visual Studio Version 17
VisualStudioVersion = 17.14.36109.1 d17.14
MinimumVisualStudioVersion = 10.0.40219.1
Project("{FAE04EC0-301F-11D3-BF4B-00C04F79EFBC}") = "lab3.1", "lab3.1\lab3.1.csproj", "{24092903-40E9-479A-86F2-E76D4274981B}"
EndProject
Project("{FAE04EC0-301F-11D3-BF4B-00C04F79EFBC}") = "DAL", "DAL\DAL.csproj", "{D518ACAF-56AC-4F93-8993-21818CB3AB64}"
EndProject
Project("{FAE04EC0-301F-11D3-BF4B-00C04F79EFBC}") = "BLL", "BLL\BLL.csproj", "{3225D638-2913-4DDC-9311-12EBAA02016F}"
EndProject
Global
	GlobalSection(SolutionConfigurationPlatforms) = preSolution
		Debug|Any CPU = Debug|Any CPU
		Release|Any CPU = Release|Any CPU
	EndGlobalSection
	GlobalSection(ProjectConfigurationPlatforms) = postSolution
		{24092903-40E9-479A-86F2-E76D4274981B}.Debug|Any CPU.ActiveCfg = Debug|Any CPU
		{24092903-40E9-479A-86F2-E76D4274981B}.Debug|Any CPU.Build.0 = Debug|Any CPU
		{24092903-40E9-479A-86F2-E76D4274981B}.Release|Any CPU.ActiveCfg = Release|Any CPU
		{24092903-40E9-479A-86F2-E76D4274981B}.Release|Any CPU.Build.0 = Release|Any CPU
		{D518ACAF-56AC-4F93-8993-21818CB3AB64}.Debug|Any CPU.ActiveCfg = Debug|Any CPU
		{D518ACAF-56AC-4F93-8993-21818CB3AB64}.Debug|Any CPU.Build.0 = Debug|Any CPU
		{D518ACAF-56AC-4F93-8993-21818CB3AB64}.Release|Any CPU.ActiveCfg = Release|Any CPU
		{D518ACAF-56AC-4F93-8993-21818CB3AB64}.Release|Any CPU.Build.0 = Release|Any CPU
		{3225D638-2913-4DDC-9311-12EBAA02016F}.Debug|Any CPU.ActiveCfg = Debug|Any CPU
		{3225D638-2913-4DDC-9311-12EBAA02016F}.Debug|Any CPU.Build.0 = Debug|Any CPU
		{3225D638-2913-4DDC-9311-12EBAA02016F}.Release|Any CPU.ActiveCfg = Release|Any CPU
		{3225D638-2913-4DDC-9311-12EBAA02016F}.Release|Any CPU.Build.0 = Release|Any CPU
	EndGlobalSection
	GlobalSection(SolutionProperties) = preSolution
		HideSolutionNode = FALSE
	EndGlobalSection
	GlobalSection(ExtensibilityGlobals) = postSolution
		SolutionGuid = {7C812FF5-148F-4CC1-AEEF-69AA2D467278}
	EndGlobalSection
EndGlobal
